
Microsoft Visual Studio Solution File, Format Version 12.00
# Visual Studio Version 16
VisualStudioVersion = 16.0.31702.278
MinimumVisualStudioVersion = 10.0.40219.1
Project("{FAE04EC0-301F-11D3-BF4B-00C04F79EFBC}") = "PictureViewer Fidler", "PictureViewer Fidler\PictureViewer Fidler.csproj", "{C9398A58-56F3-4F7B-AFAF-B73A920A507A}"
EndProject
Global
	GlobalSection(SolutionConfigurationPlatforms) = preSolution
		Debug|Any CPU = Debug|Any CPU
		Release|Any CPU = Release|Any CPU
	EndGlobalSection
	GlobalSection(ProjectConfigurationPlatforms) = postSolution
		{C9398A58-56F3-4F7B-AFAF-B73A920A507A}.Debug|Any CPU.ActiveCfg = Debug|Any CPU
		{C9398A58-56F3-4F7B-AFAF-B73A920A507A}.Debug|Any CPU.Build.0 = Debug|Any CPU
		{C9398A58-56F3-4F7B-AFAF-B73A920A507A}.Release|Any CPU.ActiveCfg = Release|Any CPU
		{C9398A58-56F3-4F7B-AFAF-B73A920A507A}.Release|Any CPU.Build.0 = Release|Any CPU
	EndGlobalSection
	GlobalSection(SolutionProperties) = preSolution
		HideSolutionNode = FALSE
	EndGlobalSection
	GlobalSection(ExtensibilityGlobals) = postSolution
		SolutionGuid = {2A0C704C-09DD-41C2-A194-81CF017131E2}
	EndGlobalSection
EndGlobal
